{
  "object": {
    "pins": [
      {
        "package": "LanguageParseModels",
        "repositoryURL": "git@github.com:DabbyNdubisi/LanguageParseModels.git",
        "state": {
          "branch": "master",
          "revision": "2c6114f99f7a5bac923ac2a864ddc7c170ecf72b",
          "version": null
        }
      },
      {
        "package": "SwiftProtobuf",
        "repositoryURL": "git@github.com:apple/swift-protobuf.git",
        "state": {
          "branch": null,
          "revision": "3a3594f84b746793c84c2ab2f1e855aaa9d3a593",
          "version": "1.6.0"
        }
      }
    ]
  },
  "version": 1
}
